
Microsoft Visual Studio Solution File, Format Version 12.00
# Visual Studio 15
VisualStudioVersion = 15.0.28307.136
MinimumVisualStudioVersion = 10.0.40219.1
Project("{6EC3EE1D-3C4E-46DD-8F32-0CC8E7565705}") = "RefDataCrawler", "src\RefDataCrawler\RefDataCrawler.fsproj", "{57990B51-A23E-4A65-9838-39808D28BF98}"
EndProject
Project("{2150E333-8FDC-42A3-9474-1A3956D46DE8}") = "SolutionItems", "SolutionItems", "{20662B2F-481F-4142-B6AE-E88F73B2B77C}"
	ProjectSection(SolutionItems) = preProject
		CCP.MD = CCP.MD
		LICENSE = LICENSE
		README.md = README.md
	EndProjectSection
EndProject
Global
	GlobalSection(SolutionConfigurationPlatforms) = preSolution
		Debug|Any CPU = Debug|Any CPU
		Release|Any CPU = Release|Any CPU
	EndGlobalSection
	GlobalSection(ProjectConfigurationPlatforms) = postSolution
		{57990B51-A23E-4A65-9838-39808D28BF98}.Debug|Any CPU.ActiveCfg = Debug|Any CPU
		{57990B51-A23E-4A65-9838-39808D28BF98}.Debug|Any CPU.Build.0 = Debug|Any CPU
		{57990B51-A23E-4A65-9838-39808D28BF98}.Release|Any CPU.ActiveCfg = Release|Any CPU
		{57990B51-A23E-4A65-9838-39808D28BF98}.Release|Any CPU.Build.0 = Release|Any CPU
	EndGlobalSection
	GlobalSection(SolutionProperties) = preSolution
		HideSolutionNode = FALSE
	EndGlobalSection
	GlobalSection(ExtensibilityGlobals) = postSolution
		SolutionGuid = {AD831141-0A0F-4580-9B85-2C1F39D178D0}
	EndGlobalSection
EndGlobal
